{
  "name": "@lando/auto-deploy-action-multidir-test",
  "lockfileVersion": 3,
  "requires": true,
  "packages": {
    "": {
      "name": "@lando/auto-deploy-action-multidir-test",
      "devDependencies": {
        "@lando/argv": "^1.0.1"
      },
      "engines": {
        "node": ">=18.0.0"
      }
    },
    "node_modules/@lando/argv": {
      "version": "1.0.1",
      "dev": true,
      "license": "GPL-3.0",
      "engines": {
        "node": ">=14.0.0"
      }
    }
  }
}
