# THIS IS AN AUTOGENERATED FILE. DO NOT EDIT THIS FILE DIRECTLY.
# yarn lockfile v1


"@lando/argv@^1.0.1":
  version "1.0.1"
  resolved "https://registry.yarnpkg.com/@lando/argv/-/argv-1.0.1.tgz#bd3ef40738e32be9afdbaa5e1746c27e75e380ce"
  integrity sha512-ooSPnhE87SzWYA73KAF+OQZ8G3puM3haykIcI2HjP4ym5I9W7iTy1ToCSMsbMGJf4u9Uto+IbQLvXoafquWJgQ==
