{
  "name": "@lando/auto-deploy-action",
  "version": "3.0.0",
  "lockfileVersion": 3,
  "requires": true,
  "packages": {
    "": {
      "name": "@lando/auto-deploy-action",
      "version": "3.0.0",
      "license": "GPL-3.0",
      "devDependencies": {
        "@lando/auto-deploy-action": "github:lando/auto-deploy-action#refs/pull/20/merge",
        "auto-deploy-action": "lando/auto-deploy-action"
      },
      "engines": {
        "node": ">=18.0.0"
      }
    },
    "node_modules/@lando/auto-deploy-action": {
      "version": "3.0.0",
      "resolved": "git+ssh://git@github.com/lando/auto-deploy-action.git#3abda11dc72c22352bf4ac38264a847f946dcc9d",
      "dev": true,
      "license": "GPL-3.0",
      "engines": {
        "node": ">=18.0.0"
      }
    },
    "node_modules/auto-deploy-action": {
      "name": "@lando/auto-deploy-action",
      "version": "2.0.5",
      "resolved": "git+ssh://git@github.com/lando/auto-deploy-action.git#b3ed3e5242def03055c48c6a1708c6902f9a30ad",
      "dev": true,
      "license": "GPL-3.0",
      "engines": {
        "node": ">=14.0.0"
      }
    }
  }
}
