{
  "name": "@lando/auto-deploy-action",
  "version": "2.0.5",
  "lockfileVersion": 3,
  "requires": true,
  "packages": {
    "": {
      "name": "@lando/auto-deploy-action",
      "version": "2.0.5",
      "license": "GPL-3.0",
      "devDependencies": {
        "@lando/auto-deploy-action": "github:lando/auto-deploy-action#refs/pull/16/merge",
        "auto-deploy-action": "lando/auto-deploy-action"
      },
      "engines": {
        "node": ">=14.0.0"
      }
    },
    "node_modules/@lando/auto-deploy-action": {
      "version": "2.0.5",
      "resolved": "git+ssh://git@github.com/lando/auto-deploy-action.git#bcf4e9fa8933f7bc3a21c9bffcc4e0499da5418a",
      "dev": true,
      "license": "GPL-3.0",
      "engines": {
        "node": ">=18.0.0"
      }
    },
    "node_modules/auto-deploy-action": {
      "name": "@lando/auto-deploy-action",
      "version": "2.0.0",
      "resolved": "https://codeload.github.com/lando/auto-deploy-action/tar.gz/092a439dd7d124cbe8c1a8e56ac532207b1d95e5",
      "integrity": "sha512-FDHpAhF+q1Bl2OgGsN/FJlilVi+5l4i7sixfnB4FHctE/OmMr78IvsI8Sd6iQshCXp8N4I5keBr2lFWoLH/Zpw==",
      "dev": true,
      "license": "GPL-3.0",
      "engines": {
        "node": ">=14.0.0"
      }
    }
  }
}
