# THIS IS AN AUTOGENERATED FILE. DO NOT EDIT THIS FILE DIRECTLY.
# yarn lockfile v1


"@lando/auto-deploy-action@github:lando/auto-deploy-action#refs/pull/16/merge":
  version "2.0.5"
  resolved "git+ssh://git@github.com/lando/auto-deploy-action.git#bcf4e9fa8933f7bc3a21c9bffcc4e0499da5418a"

auto-deploy-action@lando/auto-deploy-action:
  version "2.0.0"
  resolved "https://codeload.github.com/lando/auto-deploy-action/tar.gz/092a439dd7d124cbe8c1a8e56ac532207b1d95e5"
  integrity sha512-FDHpAhF+q1Bl2OgGsN/FJlilVi+5l4i7sixfnB4FHctE/OmMr78IvsI8Sd6iQshCXp8N4I5keBr2lFWoLH/Zpw==
